// !$*UTF8*$!
{
	archiveVersion = 1;
	classes = {
	};
	objectVersion = 77;
	objects = {

/* Begin PBXBuildFile section */
		B201302C2E1FC79A001913C6 /* FirebaseAuth in Frameworks */ = {isa = PBXBuildFile; productRef = B201302B2E1FC79A001913C6 /* FirebaseAuth */; };
		B201302E2E1FC79A001913C6 /* FirebaseCore in Frameworks */ = {isa = PBXBuildFile; productRef = B201302D2E1FC79A001913C6 /* FirebaseCore */; };
		B20130302E1FC79A001913C6 /* FirebaseDatabase in Frameworks */ = {isa = PBXBuildFile; productRef = B201302F2E1FC79A001913C6 /* FirebaseDatabase */; };
/* End PBXBuildFile section */

/* Begin PBXContainerItemProxy section */
		B201300E2E1FC746001913C6 /* PBXContainerItemProxy */ = {
			isa = PBXContainerItemProxy;
			containerPortal = B2012FF52E1FC745001913C6 /* Project object */;
			proxyType = 1;
			remoteGlobalIDString = B2012FFC2E1FC745001913C6;
			remoteInfo = EscapeThePolice;
		};
		B20130182E1FC746001913C6 /* PBXContainerItemProxy */ = {
			isa = PBXContainerItemProxy;
			containerPortal = B2012FF52E1FC745001913C6 /* Project object */;
			proxyType = 1;
			remoteGlobalIDString = B2012FFC2E1FC745001913C6;
			remoteInfo = EscapeThePolice;
		};
/* End PBXContainerItemProxy section */

/* Begin PBXFileReference section */
		B2012FFD2E1FC745001913C6 /* EscapeThePolice.app */ = {isa = PBXFileReference; explicitFileType = wrapper.application; includeInIndex = 0; path = EscapeThePolice.app; sourceTree = BUILT_PRODUCTS_DIR; };
		B201300D2E1FC746001913C6 /* EscapeThePoliceTests.xctest */ = {isa = PBXFileReference; explicitFileType = wrapper.cfbundle; includeInIndex = 0; path = EscapeThePoliceTests.xctest; sourceTree = BUILT_PRODUCTS_DIR; };
		B20130172E1FC746001913C6 /* EscapeThePoliceUITests.xctest */ = {isa = PBXFileReference; explicitFileType = wrapper.cfbundle; includeInIndex = 0; path = EscapeThePoliceUITests.xctest; sourceTree = BUILT_PRODUCTS_DIR; };
/* End PBXFileReference section */

/* Begin PBXFileSystemSynchronizedRootGroup section */
		B2012FFF2E1FC745001913C6 /* EscapeThePolice */ = {
			isa = PBXFileSystemSynchronizedRootGroup;
			path = EscapeThePolice;
			sourceTree = "<group>";
		};
		B20130102E1FC746001913C6 /* EscapeThePoliceTests */ = {
			isa = PBXFileSystemSynchronizedRootGroup;
			path = EscapeThePoliceTests;
			sourceTree = "<group>";
		};
		B201301A2E1FC746001913C6 /* EscapeThePoliceUITests */ = {
			isa = PBXFileSystemSynchronizedRootGroup;
			path = EscapeThePoliceUITests;
			sourceTree = "<group>";
		};
/* End PBXFileSystemSynchronizedRootGroup section */

/* Begin PBXFrameworksBuildPhase section */
		B2012FFA2E1FC745001913C6 /* Frameworks */ = {
			isa = PBXFrameworksBuildPhase;
			buildActionMask = 2147483647;
			files = (
				B20130302E1FC79A001913C6 /* FirebaseDatabase in Frameworks */,
				B201302E2E1FC79A001913C6 /* FirebaseCore in Frameworks */,
				B201302C2E1FC79A001913C6 /* FirebaseAuth in Frameworks */,
			);
			runOnlyForDeploymentPostprocessing = 0;
		};
		B201300A2E1FC746001913C6 /* Frameworks */ = {
			isa = PBXFrameworksBuildPhase;
			buildActionMask = 2147483647;
			files = (
			);
			runOnlyForDeploymentPostprocessing = 0;
		};
		B20130142E1FC746001913C6 /* Frameworks */ = {
			isa = PBXFrameworksBuildPhase;
			buildActionMask = 2147483647;
			files = (
			);
			runOnlyForDeploymentPostprocessing = 0;
		};
/* End PBXFrameworksBuildPhase section */

/* Begin PBXGroup section */
		B2012FF42E1FC745001913C6 = {
			isa = PBXGroup;
			children = (
				B2012FFF2E1FC745001913C6 /* EscapeThePolice */,
				B20130102E1FC746001913C6 /* EscapeThePoliceTests */,
				B201301A2E1FC746001913C6 /* EscapeThePoliceUITests */,
				B2012FFE2E1FC745001913C6 /* Products */,
			);
			sourceTree = "<group>";
		};
		B2012FFE2E1FC745001913C6 /* Products */ = {
			isa = PBXGroup;
			children = (
				B2012FFD2E1FC745001913C6 /* EscapeThePolice.app */,
				B201300D2E1FC746001913C6 /* EscapeThePoliceTests.xctest */,
				B20130172E1FC746001913C6 /* EscapeThePoliceUITests.xctest */,
			);
			name = Products;
			sourceTree = "<group>";
		};
/* End PBXGroup section */

/* Begin PBXNativeTarget section */
		B2012FFC2E1FC745001913C6 /* EscapeThePolice */ = {
			isa = PBXNativeTarget;
			buildConfigurationList = B20130212E1FC746001913C6 /* Build configuration list for PBXNativeTarget "EscapeThePolice" */;
			buildPhases = (
				B2012FF92E1FC745001913C6 /* Sources */,
				B2012FFA2E1FC745001913C6 /* Frameworks */,
				B2012FFB2E1FC745001913C6 /* Resources */,
			);
			buildRules = (
			);
			dependencies = (
			);
			fileSystemSynchronizedGroups = (
				B2012FFF2E1FC745001913C6 /* EscapeThePolice */,
			);
			name = EscapeThePolice;
			packageProductDependencies = (
				B201302B2E1FC79A001913C6 /* FirebaseAuth */,
				B201302D2E1FC79A001913C6 /* FirebaseCore */,
				B201302F2E1FC79A001913C6 /* FirebaseDatabase */,
			);
			productName = EscapeThePolice;
			productReference = B2012FFD2E1FC745001913C6 /* EscapeThePolice.app */;
			productType = "com.apple.product-type.application";
		};
		B201300C2E1FC746001913C6 /* EscapeThePoliceTests */ = {
			isa = PBXNativeTarget;
			buildConfigurationList = B20130242E1FC746001913C6 /* Build configuration list for PBXNativeTarget "EscapeThePoliceTests" */;
			buildPhases = (
				B20130092E1FC746001913C6 /* Sources */,
				B201300A2E1FC746001913C6 /* Frameworks */,
				B201300B2E1FC746001913C6 /* Resources */,
			);
			buildRules = (
			);
			dependencies = (
				B201300F2E1FC746001913C6 /* PBXTargetDependency */,
			);
			fileSystemSynchronizedGroups = (
				B20130102E1FC746001913C6 /* EscapeThePoliceTests */,
			);
			name = EscapeThePoliceTests;
			packageProductDependencies = (
			);
			productName = EscapeThePoliceTests;
			productReference = B201300D2E1FC746001913C6 /* EscapeThePoliceTests.xctest */;
			productType = "com.apple.product-type.bundle.unit-test";
		};
		B20130162E1FC746001913C6 /* EscapeThePoliceUITests */ = {
			isa = PBXNativeTarget;
			buildConfigurationList = B20130272E1FC746001913C6 /* Build configuration list for PBXNativeTarget "EscapeThePoliceUITests" */;
			buildPhases = (
				B20130132E1FC746001913C6 /* Sources */,
				B20130142E1FC746001913C6 /* Frameworks */,
				B20130152E1FC746001913C6 /* Resources */,
			);
			buildRules = (
			);
			dependencies = (
				B20130192E1FC746001913C6 /* PBXTargetDependency */,
			);
			fileSystemSynchronizedGroups = (
				B201301A2E1FC746001913C6 /* EscapeThePoliceUITests */,
			);
			name = EscapeThePoliceUITests;
			packageProductDependencies = (
			);
			productName = EscapeThePoliceUITests;
			productReference = B20130172E1FC746001913C6 /* EscapeThePoliceUITests.xctest */;
			productType = "com.apple.product-type.bundle.ui-testing";
		};
/* End PBXNativeTarget section */

/* Begin PBXProject section */
		B2012FF52E1FC745001913C6 /* Project object */ = {
			isa = PBXProject;
			attributes = {
				BuildIndependentTargetsInParallel = 1;
				LastSwiftUpdateCheck = 1620;
				LastUpgradeCheck = 1620;
				TargetAttributes = {
					B2012FFC2E1FC745001913C6 = {
						CreatedOnToolsVersion = 16.2;
					};
					B201300C2E1FC746001913C6 = {
						CreatedOnToolsVersion = 16.2;
						TestTargetID = B2012FFC2E1FC745001913C6;
					};
					B20130162E1FC746001913C6 = {
						CreatedOnToolsVersion = 16.2;
						TestTargetID = B2012FFC2E1FC745001913C6;
					};
				};
			};
			buildConfigurationList = B2012FF82E1FC745001913C6 /* Build configuration list for PBXProject "EscapeThePolice" */;
			developmentRegion = en;
			hasScannedForEncodings = 0;
			knownRegions = (
				en,
				Base,
			);
			mainGroup = B2012FF42E1FC745001913C6;
			minimizedProjectReferenceProxies = 1;
			packageReferences = (
				B201302A2E1FC79A001913C6 /* XCRemoteSwiftPackageReference "firebase-ios-sdk" */,
			);
			preferredProjectObjectVersion = 77;
			productRefGroup = B2012FFE2E1FC745001913C6 /* Products */;
			projectDirPath = "";
			projectRoot = "";
			targets = (
				B2012FFC2E1FC745001913C6 /* EscapeThePolice */,
				B201300C2E1FC746001913C6 /* EscapeThePoliceTests */,
				B20130162E1FC746001913C6 /* EscapeThePoliceUITests */,
			);
		};
/* End PBXProject section */

/* Begin PBXResourcesBuildPhase section */
		B2012FFB2E1FC745001913C6 /* Resources */ = {
			isa = PBXResourcesBuildPhase;
			buildActionMask = 2147483647;
			files = (
			);
			runOnlyForDeploymentPostprocessing = 0;
		};
		B201300B2E1FC746001913C6 /* Resources */ = {
			isa = PBXResourcesBuildPhase;
			buildActionMask = 2147483647;
			files = (
			);
			runOnlyForDeploymentPostprocessing = 0;
		};
		B20130152E1FC746001913C6 /* Resources */ = {
			isa = PBXResourcesBuildPhase;
			buildActionMask = 2147483647;
			files = (
			);
			runOnlyForDeploymentPostprocessing = 0;
		};
/* End PBXResourcesBuildPhase section */

/* Begin PBXSourcesBuildPhase section */
		B2012FF92E1FC745001913C6 /* Sources */ = {
			isa = PBXSourcesBuildPhase;
			buildActionMask = 2147483647;
			files = (
			);
			runOnlyForDeploymentPostprocessing = 0;
		};
		B20130092E1FC746001913C6 /* Sources */ = {
			isa = PBXSourcesBuildPhase;
			buildActionMask = 2147483647;
			files = (
			);
			runOnlyForDeploymentPostprocessing = 0;
		};
		B20130132E1FC746001913C6 /* Sources */ = {
			isa = PBXSourcesBuildPhase;
			buildActionMask = 2147483647;
			files = (
			);
			runOnlyForDeploymentPostprocessing = 0;
		};
/* End PBXSourcesBuildPhase section */

/* Begin PBXTargetDependency section */
		B201300F2E1FC746001913C6 /* PBXTargetDependency */ = {
			isa = PBXTargetDependency;
			target = B2012FFC2E1FC745001913C6 /* EscapeThePolice */;
			targetProxy = B201300E2E1FC746001913C6 /* PBXContainerItemProxy */;
		};
		B20130192E1FC746001913C6 /* PBXTargetDependency */ = {
			isa = PBXTargetDependency;
			target = B2012FFC2E1FC745001913C6 /* EscapeThePolice */;
			targetProxy = B20130182E1FC746001913C6 /* PBXContainerItemProxy */;
		};
/* End PBXTargetDependency section */

/* Begin XCBuildConfiguration section */
		B201301F2E1FC746001913C6 /* Debug */ = {
			isa = XCBuildConfiguration;
			buildSettings = {
				ALWAYS_SEARCH_USER_PATHS = NO;
				ASSETCATALOG_COMPILER_GENERATE_SWIFT_ASSET_SYMBOL_EXTENSIONS = YES;
				CLANG_ANALYZER_NONNULL = YES;
				CLANG_ANALYZER_NUMBER_OBJECT_CONVERSION = YES_AGGRESSIVE;
				CLANG_CXX_LANGUAGE_STANDARD = "gnu++20";
				CLANG_ENABLE_MODULES = YES;
				CLANG_ENABLE_OBJC_ARC = YES;
				CLANG_ENABLE_OBJC_WEAK = YES;
				CLANG_WARN_BLOCK_CAPTURE_AUTORELEASING = YES;
				CLANG_WARN_BOOL_CONVERSION = YES;
				CLANG_WARN_COMMA = YES;
				CLANG_WARN_CONSTANT_CONVERSION = YES;
				CLANG_WARN_DEPRECATED_OBJC_IMPLEMENTATIONS = YES;
				CLANG_WARN_DIRECT_OBJC_ISA_USAGE = YES_ERROR;
				CLANG_WARN_DOCUMENTATION_COMMENTS = YES;
				CLANG_WARN_EMPTY_BODY = YES;
				CLANG_WARN_ENUM_CONVERSION = YES;
				CLANG_WARN_INFINITE_RECURSION = YES;
				CLANG_WARN_INT_CONVERSION = YES;
				CLANG_WARN_NON_LITERAL_NULL_CONVERSION = YES;
				CLANG_WARN_OBJC_IMPLICIT_RETAIN_SELF = YES;
				CLANG_WARN_OBJC_LITERAL_CONVERSION = YES;
				CLANG_WARN_OBJC_ROOT_CLASS = YES_ERROR;
				CLANG_WARN_QUOTED_INCLUDE_IN_FRAMEWORK_HEADER = YES;
				CLANG_WARN_RANGE_LOOP_ANALYSIS = YES;
				CLANG_WARN_STRICT_PROTOTYPES = YES;
				CLANG_WARN_SUSPICIOUS_MOVE = YES;
				CLANG_WARN_UNGUARDED_AVAILABILITY = YES_AGGRESSIVE;
				CLANG_WARN_UNREACHABLE_CODE = YES;
				CLANG_WARN__DUPLICATE_METHOD_MATCH = YES;
				COPY_PHASE_STRIP = NO;
				DEBUG_INFORMATION_FORMAT = dwarf;
				ENABLE_STRICT_OBJC_MSGSEND = YES;
				ENABLE_TESTABILITY = YES;
				ENABLE_USER_SCRIPT_SANDBOXING = YES;
				GCC_C_LANGUAGE_STANDARD = gnu17;
				GCC_DYNAMIC_NO_PIC = NO;
				GCC_NO_COMMON_BLOCKS = YES;
				GCC_OPTIMIZATION_LEVEL = 0;
				GCC_PREPROCESSOR_DEFINITIONS = (
					"DEBUG=1",
					"$(inherited)",
				);
				GCC_WARN_64_TO_32_BIT_CONVERSION = YES;
				GCC_WARN_ABOUT_RETURN_TYPE = YES_ERROR;
				GCC_WARN_UNDECLARED_SELECTOR = YES;
				GCC_WARN_UNINITIALIZED_AUTOS = YES_AGGRESSIVE;
				GCC_WARN_UNUSED_FUNCTION = YES;
				GCC_WARN_UNUSED_VARIABLE = YES;
				IPHONEOS_DEPLOYMENT_TARGET = 18.2;
				LOCALIZATION_PREFERS_STRING_CATALOGS = YES;
				MTL_ENABLE_DEBUG_INFO = INCLUDE_SOURCE;
				MTL_FAST_MATH = YES;
				ONLY_ACTIVE_ARCH = YES;
				SDKROOT = iphoneos;
				SWIFT_ACTIVE_COMPILATION_CONDITIONS = "DEBUG $(inherited)";
				SWIFT_OPTIMIZATION_LEVEL = "-Onone";
			};
			name = Debug;
		};
		B20130202E1FC746001913C6 /* Release */ = {
			isa = XCBuildConfiguration;
			buildSettings = {
				ALWAYS_SEARCH_USER_PATHS = NO;
				ASSETCATALOG_COMPILER_GENERATE_SWIFT_ASSET_SYMBOL_EXTENSIONS = YES;
				CLANG_ANALYZER_NONNULL = YES;
				CLANG_ANALYZER_NUMBER_OBJECT_CONVERSION = YES_AGGRESSIVE;
				CLANG_CXX_LANGUAGE_STANDARD = "gnu++20";
				CLANG_ENABLE_MODULES = YES;
				CLANG_ENABLE_OBJC_ARC = YES;
				CLANG_ENABLE_OBJC_WEAK = YES;
				CLANG_WARN_BLOCK_CAPTURE_AUTORELEASING = YES;
				CLANG_WARN_BOOL_CONVERSION = YES;
				CLANG_WARN_COMMA = YES;
				CLANG_WARN_CONSTANT_CONVERSION = YES;
				CLANG_WARN_DEPRECATED_OBJC_IMPLEMENTATIONS = YES;
				CLANG_WARN_DIRECT_OBJC_ISA_USAGE = YES_ERROR;
				CLANG_WARN_DOCUMENTATION_COMMENTS = YES;
				CLANG_WARN_EMPTY_BODY = YES;
				CLANG_WARN_ENUM_CONVERSION = YES;
				CLANG_WARN_INFINITE_RECURSION = YES;
				CLANG_WARN_INT_CONVERSION = YES;
				CLANG_WARN_NON_LITERAL_NULL_CONVERSION = YES;
				CLANG_WARN_OBJC_IMPLICIT_RETAIN_SELF = YES;
				CLANG_WARN_OBJC_LITERAL_CONVERSION = YES;
				CLANG_WARN_OBJC_ROOT_CLASS = YES_ERROR;
				CLANG_WARN_QUOTED_INCLUDE_IN_FRAMEWORK_HEADER = YES;
				CLANG_WARN_RANGE_LOOP_ANALYSIS = YES;
				CLANG_WARN_STRICT_PROTOTYPES = YES;
				CLANG_WARN_SUSPICIOUS_MOVE = YES;
				CLANG_WARN_UNGUARDED_AVAILABILITY = YES_AGGRESSIVE;
				CLANG_WARN_UNREACHABLE_CODE = YES;
				CLANG_WARN__DUPLICATE_METHOD_MATCH = YES;
				COPY_PHASE_STRIP = NO;
				DEBUG_INFORMATION_FORMAT = "dwarf-with-dsym";
				ENABLE_NS_ASSERTIONS = NO;
				ENABLE_STRICT_OBJC_MSGSEND = YES;
				ENABLE_USER_SCRIPT_SANDBOXING = YES;
				GCC_C_LANGUAGE_STANDARD = gnu17;
				GCC_NO_COMMON_BLOCKS = YES;
				GCC_WARN_64_TO_32_BIT_CONVERSION = YES;
				GCC_WARN_ABOUT_RETURN_TYPE = YES_ERROR;
				GCC_WARN_UNDECLARED_SELECTOR = YES;
				GCC_WARN_UNINITIALIZED_AUTOS = YES_AGGRESSIVE;
				GCC_WARN_UNUSED_FUNCTION = YES;
				GCC_WARN_UNUSED_VARIABLE = YES;
				IPHONEOS_DEPLOYMENT_TARGET = 18.2;
				LOCALIZATION_PREFERS_STRING_CATALOGS = YES;
				MTL_ENABLE_DEBUG_INFO = NO;
				MTL_FAST_MATH = YES;
				SDKROOT = iphoneos;
				SWIFT_COMPILATION_MODE = wholemodule;
				VALIDATE_PRODUCT = YES;
			};
			name = Release;
		};
		B20130222E1FC746001913C6 /* Debug */ = {
			isa = XCBuildConfiguration;
			buildSettings = {
				ASSETCATALOG_COMPILER_APPICON_NAME = AppIcon;
				ASSETCATALOG_COMPILER_GLOBAL_ACCENT_COLOR_NAME = AccentColor;
				CODE_SIGN_STYLE = Automatic;
				CURRENT_PROJECT_VERSION = 1;
				DEVELOPMENT_ASSET_PATHS = "\"EscapeThePolice/Preview Content\"";
				ENABLE_PREVIEWS = YES;
				GENERATE_INFOPLIST_FILE = YES;
				INFOPLIST_KEY_UIApplicationSceneManifest_Generation = YES;
				INFOPLIST_KEY_UIApplicationSupportsIndirectInputEvents = YES;
				INFOPLIST_KEY_UILaunchScreen_Generation = YES;
				INFOPLIST_KEY_UISupportedInterfaceOrientations_iPad = "UIInterfaceOrientationPortrait UIInterfaceOrientationPortraitUpsideDown UIInterfaceOrientationLandscapeLeft UIInterfaceOrientationLandscapeRight";
				INFOPLIST_KEY_UISupportedInterfaceOrientations_iPhone = "UIInterfaceOrientationPortrait UIInterfaceOrientationLandscapeLeft UIInterfaceOrientationLandscapeRight";
				LD_RUNPATH_SEARCH_PATHS = (
					"$(inherited)",
					"@executable_path/Frameworks",
				);
				MARKETING_VERSION = 1.0;
				PRODUCT_BUNDLE_IDENTIFIER = Aviadkorakin.EscapeThePolice;
				PRODUCT_NAME = "$(TARGET_NAME)";
				SWIFT_EMIT_LOC_STRINGS = YES;
				SWIFT_VERSION = 5.0;
				TARGETED_DEVICE_FAMILY = "1,2";
			};
			name = Debug;
		};
		B20130232E1FC746001913C6 /* Release */ = {
			isa = XCBuildConfiguration;
			buildSettings = {
				ASSETCATALOG_COMPILER_APPICON_NAME = AppIcon;
				ASSETCATALOG_COMPILER_GLOBAL_ACCENT_COLOR_NAME = AccentColor;
				CODE_SIGN_STYLE = Automatic;
				CURRENT_PROJECT_VERSION = 1;
				DEVELOPMENT_ASSET_PATHS = "\"EscapeThePolice/Preview Content\"";
				ENABLE_PREVIEWS = YES;
				GENERATE_INFOPLIST_FILE = YES;
				INFOPLIST_KEY_UIApplicationSceneManifest_Generation = YES;
				INFOPLIST_KEY_UIApplicationSupportsIndirectInputEvents = YES;
				INFOPLIST_KEY_UILaunchScreen_Generation = YES;
				INFOPLIST_KEY_UISupportedInterfaceOrientations_iPad = "UIInterfaceOrientationPortrait UIInterfaceOrientationPortraitUpsideDown UIInterfaceOrientationLandscapeLeft UIInterfaceOrientationLandscapeRight";
				INFOPLIST_KEY_UISupportedInterfaceOrientations_iPhone = "UIInterfaceOrientationPortrait UIInterfaceOrientationLandscapeLeft UIInterfaceOrientationLandscapeRight";
				LD_RUNPATH_SEARCH_PATHS = (
					"$(inherited)",
					"@executable_path/Frameworks",
				);
				MARKETING_VERSION = 1.0;
				PRODUCT_BUNDLE_IDENTIFIER = Aviadkorakin.EscapeThePolice;
				PRODUCT_NAME = "$(TARGET_NAME)";
				SWIFT_EMIT_LOC_STRINGS = YES;
				SWIFT_VERSION = 5.0;
				TARGETED_DEVICE_FAMILY = "1,2";
			};
			name = Release;
		};
		B20130252E1FC746001913C6 /* Debug */ = {
			isa = XCBuildConfiguration;
			buildSettings = {
				BUNDLE_LOADER = "$(TEST_HOST)";
				CODE_SIGN_STYLE = Automatic;
				CURRENT_PROJECT_VERSION = 1;
				GENERATE_INFOPLIST_FILE = YES;
				IPHONEOS_DEPLOYMENT_TARGET = 18.2;
				MARKETING_VERSION = 1.0;
				PRODUCT_BUNDLE_IDENTIFIER = AviadKorakin.EscapeThePoliceTests;
				PRODUCT_NAME = "$(TARGET_NAME)";
				SWIFT_EMIT_LOC_STRINGS = NO;
				SWIFT_VERSION = 5.0;
				TARGETED_DEVICE_FAMILY = "1,2";
				TEST_HOST = "$(BUILT_PRODUCTS_DIR)/EscapeThePolice.app/$(BUNDLE_EXECUTABLE_FOLDER_PATH)/EscapeThePolice";
			};
			name = Debug;
		};
		B20130262E1FC746001913C6 /* Release */ = {
			isa = XCBuildConfiguration;
			buildSettings = {
				BUNDLE_LOADER = "$(TEST_HOST)";
				CODE_SIGN_STYLE = Automatic;
				CURRENT_PROJECT_VERSION = 1;
				GENERATE_INFOPLIST_FILE = YES;
				IPHONEOS_DEPLOYMENT_TARGET = 18.2;
				MARKETING_VERSION = 1.0;
				PRODUCT_BUNDLE_IDENTIFIER = AviadKorakin.EscapeThePoliceTests;
				PRODUCT_NAME = "$(TARGET_NAME)";
				SWIFT_EMIT_LOC_STRINGS = NO;
				SWIFT_VERSION = 5.0;
				TARGETED_DEVICE_FAMILY = "1,2";
				TEST_HOST = "$(BUILT_PRODUCTS_DIR)/EscapeThePolice.app/$(BUNDLE_EXECUTABLE_FOLDER_PATH)/EscapeThePolice";
			};
			name = Release;
		};
		B20130282E1FC746001913C6 /* Debug */ = {
			isa = XCBuildConfiguration;
			buildSettings = {
				CODE_SIGN_STYLE = Automatic;
				CURRENT_PROJECT_VERSION = 1;
				GENERATE_INFOPLIST_FILE = YES;
				MARKETING_VERSION = 1.0;
				PRODUCT_BUNDLE_IDENTIFIER = AviadKorakin.EscapeThePoliceUITests;
				PRODUCT_NAME = "$(TARGET_NAME)";
				SWIFT_EMIT_LOC_STRINGS = NO;
				SWIFT_VERSION = 5.0;
				TARGETED_DEVICE_FAMILY = "1,2";
				TEST_TARGET_NAME = EscapeThePolice;
			};
			name = Debug;
		};
		B20130292E1FC746001913C6 /* Release */ = {
			isa = XCBuildConfiguration;
			buildSettings = {
				CODE_SIGN_STYLE = Automatic;
				CURRENT_PROJECT_VERSION = 1;
				GENERATE_INFOPLIST_FILE = YES;
				MARKETING_VERSION = 1.0;
				PRODUCT_BUNDLE_IDENTIFIER = AviadKorakin.EscapeThePoliceUITests;
				PRODUCT_NAME = "$(TARGET_NAME)";
				SWIFT_EMIT_LOC_STRINGS = NO;
				SWIFT_VERSION = 5.0;
				TARGETED_DEVICE_FAMILY = "1,2";
				TEST_TARGET_NAME = EscapeThePolice;
			};
			name = Release;
		};
/* End XCBuildConfiguration section */

/* Begin XCConfigurationList section */
		B2012FF82E1FC745001913C6 /* Build configuration list for PBXProject "EscapeThePolice" */ = {
			isa = XCConfigurationList;
			buildConfigurations = (
				B201301F2E1FC746001913C6 /* Debug */,
				B20130202E1FC746001913C6 /* Release */,
			);
			defaultConfigurationIsVisible = 0;
			defaultConfigurationName = Release;
		};
		B20130212E1FC746001913C6 /* Build configuration list for PBXNativeTarget "EscapeThePolice" */ = {
			isa = XCConfigurationList;
			buildConfigurations = (
				B20130222E1FC746001913C6 /* Debug */,
				B20130232E1FC746001913C6 /* Release */,
			);
			defaultConfigurationIsVisible = 0;
			defaultConfigurationName = Release;
		};
		B20130242E1FC746001913C6 /* Build configuration list for PBXNativeTarget "EscapeThePoliceTests" */ = {
			isa = XCConfigurationList;
			buildConfigurations = (
				B20130252E1FC746001913C6 /* Debug */,
				B20130262E1FC746001913C6 /* Release */,
			);
			defaultConfigurationIsVisible = 0;
			defaultConfigurationName = Release;
		};
		B20130272E1FC746001913C6 /* Build configuration list for PBXNativeTarget "EscapeThePoliceUITests" */ = {
			isa = XCConfigurationList;
			buildConfigurations = (
				B20130282E1FC746001913C6 /* Debug */,
				B20130292E1FC746001913C6 /* Release */,
			);
			defaultConfigurationIsVisible = 0;
			defaultConfigurationName = Release;
		};
/* End XCConfigurationList section */

/* Begin XCRemoteSwiftPackageReference section */
		B201302A2E1FC79A001913C6 /* XCRemoteSwiftPackageReference "firebase-ios-sdk" */ = {
			isa = XCRemoteSwiftPackageReference;
			repositoryURL = "https://github.com/firebase/firebase-ios-sdk";
			requirement = {
				kind = upToNextMajorVersion;
				minimumVersion = 11.15.0;
			};
		};
/* End XCRemoteSwiftPackageReference section */

/* Begin XCSwiftPackageProductDependency section */
		B201302B2E1FC79A001913C6 /* FirebaseAuth */ = {
			isa = XCSwiftPackageProductDependency;
			package = B201302A2E1FC79A001913C6 /* XCRemoteSwiftPackageReference "firebase-ios-sdk" */;
			productName = FirebaseAuth;
		};
		B201302D2E1FC79A001913C6 /* FirebaseCore */ = {
			isa = XCSwiftPackageProductDependency;
			package = B201302A2E1FC79A001913C6 /* XCRemoteSwiftPackageReference "firebase-ios-sdk" */;
			productName = FirebaseCore;
		};
		B201302F2E1FC79A001913C6 /* FirebaseDatabase */ = {
			isa = XCSwiftPackageProductDependency;
			package = B201302A2E1FC79A001913C6 /* XCRemoteSwiftPackageReference "firebase-ios-sdk" */;
			productName = FirebaseDatabase;
		};
/* End XCSwiftPackageProductDependency section */
	};
	rootObject = B2012FF52E1FC745001913C6 /* Project object */;
}
